
Microsoft Visual Studio Solution File, Format Version 12.00
# Visual Studio Version 18
VisualStudioVersion = 18.0.11123.170
MinimumVisualStudioVersion = 10.0.40219.1
Project("{FAE04EC0-301F-11D3-BF4B-00C04F79EFBC}") = "PaintTrek", "PaintTrek.csproj", "{91907652-E7B4-9731-1937-7F72DEA1E865}"
EndProject
Project("{C7167F0D-BC9F-4E6E-AFE1-012C56B48DB5}") = "WapProjectForPaintTrekDesktop", "..\WapProjectForPaintTrekDesktop\WapProjectForPaintTrekDesktop.wapproj", "{E12BE474-C0FB-4FF1-B7E1-ADCEF7B73FB2}"
EndProject
Global
	GlobalSection(SolutionConfigurationPlatforms) = preSolution
		Debug|Any CPU = Debug|Any CPU
		Debug|ARM = Debug|ARM
		Debug|ARM64 = Debug|ARM64
		Debug|x64 = Debug|x64
		Debug|x86 = Debug|x86
		Release|Any CPU = Release|Any CPU
		Release|ARM = Release|ARM
		Release|ARM64 = Release|ARM64
		Release|x64 = Release|x64
		Release|x86 = Release|x86
	EndGlobalSection
	GlobalSection(ProjectConfigurationPlatforms) = postSolution
		{91907652-E7B4-9731-1937-7F72DEA1E865}.Debug|Any CPU.ActiveCfg = Release|Any CPU
		{91907652-E7B4-9731-1937-7F72DEA1E865}.Debug|Any CPU.Build.0 = Release|Any CPU
		{91907652-E7B4-9731-1937-7F72DEA1E865}.Debug|ARM.ActiveCfg = Debug|Any CPU
		{91907652-E7B4-9731-1937-7F72DEA1E865}.Debug|ARM.Build.0 = Debug|Any CPU
		{91907652-E7B4-9731-1937-7F72DEA1E865}.Debug|ARM64.ActiveCfg = Debug|Any CPU
		{91907652-E7B4-9731-1937-7F72DEA1E865}.Debug|ARM64.Build.0 = Debug|Any CPU
		{91907652-E7B4-9731-1937-7F72DEA1E865}.Debug|x64.ActiveCfg = Release|x64
		{91907652-E7B4-9731-1937-7F72DEA1E865}.Debug|x64.Build.0 = Release|x64
		{91907652-E7B4-9731-1937-7F72DEA1E865}.Debug|x86.ActiveCfg = Debug|Any CPU
		{91907652-E7B4-9731-1937-7F72DEA1E865}.Debug|x86.Build.0 = Debug|Any CPU
		{91907652-E7B4-9731-1937-7F72DEA1E865}.Release|Any CPU.ActiveCfg = Release|Any CPU
		{91907652-E7B4-9731-1937-7F72DEA1E865}.Release|Any CPU.Build.0 = Release|Any CPU
		{91907652-E7B4-9731-1937-7F72DEA1E865}.Release|ARM.ActiveCfg = Release|Any CPU
		{91907652-E7B4-9731-1937-7F72DEA1E865}.Release|ARM.Build.0 = Release|Any CPU
		{91907652-E7B4-9731-1937-7F72DEA1E865}.Release|ARM64.ActiveCfg = Release|Any CPU
		{91907652-E7B4-9731-1937-7F72DEA1E865}.Release|ARM64.Build.0 = Release|Any CPU
		{91907652-E7B4-9731-1937-7F72DEA1E865}.Release|x64.ActiveCfg = Release|x64
		{91907652-E7B4-9731-1937-7F72DEA1E865}.Release|x64.Build.0 = Release|x64
		{91907652-E7B4-9731-1937-7F72DEA1E865}.Release|x86.ActiveCfg = Release|Any CPU
		{91907652-E7B4-9731-1937-7F72DEA1E865}.Release|x86.Build.0 = Release|Any CPU
		{E12BE474-C0FB-4FF1-B7E1-ADCEF7B73FB2}.Debug|Any CPU.ActiveCfg = Release|Any CPU
		{E12BE474-C0FB-4FF1-B7E1-ADCEF7B73FB2}.Debug|Any CPU.Build.0 = Release|Any CPU
		{E12BE474-C0FB-4FF1-B7E1-ADCEF7B73FB2}.Debug|Any CPU.Deploy.0 = Release|Any CPU
		{E12BE474-C0FB-4FF1-B7E1-ADCEF7B73FB2}.Debug|ARM.ActiveCfg = Debug|ARM
		{E12BE474-C0FB-4FF1-B7E1-ADCEF7B73FB2}.Debug|ARM.Build.0 = Debug|ARM
		{E12BE474-C0FB-4FF1-B7E1-ADCEF7B73FB2}.Debug|ARM.Deploy.0 = Debug|ARM
		{E12BE474-C0FB-4FF1-B7E1-ADCEF7B73FB2}.Debug|ARM64.ActiveCfg = Debug|ARM64
		{E12BE474-C0FB-4FF1-B7E1-ADCEF7B73FB2}.Debug|ARM64.Build.0 = Debug|ARM64
		{E12BE474-C0FB-4FF1-B7E1-ADCEF7B73FB2}.Debug|ARM64.Deploy.0 = Debug|ARM64
		{E12BE474-C0FB-4FF1-B7E1-ADCEF7B73FB2}.Debug|x64.ActiveCfg = Release|x64
		{E12BE474-C0FB-4FF1-B7E1-ADCEF7B73FB2}.Debug|x64.Build.0 = Release|x64
		{E12BE474-C0FB-4FF1-B7E1-ADCEF7B73FB2}.Debug|x64.Deploy.0 = Release|x64
		{E12BE474-C0FB-4FF1-B7E1-ADCEF7B73FB2}.Debug|x86.ActiveCfg = Debug|x86
		{E12BE474-C0FB-4FF1-B7E1-ADCEF7B73FB2}.Debug|x86.Build.0 = Debug|x86
		{E12BE474-C0FB-4FF1-B7E1-ADCEF7B73FB2}.Debug|x86.Deploy.0 = Debug|x86
		{E12BE474-C0FB-4FF1-B7E1-ADCEF7B73FB2}.Release|Any CPU.ActiveCfg = Release|Any CPU
		{E12BE474-C0FB-4FF1-B7E1-ADCEF7B73FB2}.Release|Any CPU.Build.0 = Release|Any CPU
		{E12BE474-C0FB-4FF1-B7E1-ADCEF7B73FB2}.Release|Any CPU.Deploy.0 = Release|Any CPU
		{E12BE474-C0FB-4FF1-B7E1-ADCEF7B73FB2}.Release|ARM.ActiveCfg = Release|ARM
		{E12BE474-C0FB-4FF1-B7E1-ADCEF7B73FB2}.Release|ARM.Build.0 = Release|ARM
		{E12BE474-C0FB-4FF1-B7E1-ADCEF7B73FB2}.Release|ARM.Deploy.0 = Release|ARM
		{E12BE474-C0FB-4FF1-B7E1-ADCEF7B73FB2}.Release|ARM64.ActiveCfg = Release|ARM64
		{E12BE474-C0FB-4FF1-B7E1-ADCEF7B73FB2}.Release|ARM64.Build.0 = Release|ARM64
		{E12BE474-C0FB-4FF1-B7E1-ADCEF7B73FB2}.Release|ARM64.Deploy.0 = Release|ARM64
		{E12BE474-C0FB-4FF1-B7E1-ADCEF7B73FB2}.Release|x64.ActiveCfg = Release|x64
		{E12BE474-C0FB-4FF1-B7E1-ADCEF7B73FB2}.Release|x64.Build.0 = Release|x64
		{E12BE474-C0FB-4FF1-B7E1-ADCEF7B73FB2}.Release|x64.Deploy.0 = Release|x64
		{E12BE474-C0FB-4FF1-B7E1-ADCEF7B73FB2}.Release|x86.ActiveCfg = Release|x86
		{E12BE474-C0FB-4FF1-B7E1-ADCEF7B73FB2}.Release|x86.Build.0 = Release|x86
		{E12BE474-C0FB-4FF1-B7E1-ADCEF7B73FB2}.Release|x86.Deploy.0 = Release|x86
	EndGlobalSection
	GlobalSection(SolutionProperties) = preSolution
		HideSolutionNode = FALSE
	EndGlobalSection
	GlobalSection(ExtensibilityGlobals) = postSolution
		SolutionGuid = {A800AE08-99A6-43BA-A89E-9B6BA7BCF924}
	EndGlobalSection
EndGlobal
